{
  "name": "E-Commerce",
  "lockfileVersion": 3,
  "requires": true,
  "packages": {
    "": {
      "dependencies": {
        "@babylonjs/core": "^9.27.1",
        "@babylonjs/gui": "^9.27.1"
      }
    },
    "node_modules/@babylonjs/core": {
      "version": "9.27.1",
      "resolved": "https://registry.npmjs.org/@babylonjs/core/-/core-9.27.1.tgz",
      "integrity": "sha512-bcHeB7YNrYRiD+pEhZjEfzm8tT/N4dC8oYhlENFVa9fnP/XiHEbmt7h2U6Es/vs8x/Aju+9vgpcmq2qnLv+3Hw==",
      "license": "Apache-2.0"
    },
    "node_modules/@babylonjs/gui": {
      "version": "9.27.1",
      "resolved": "https://registry.npmjs.org/@babylonjs/gui/-/gui-9.27.1.tgz",
      "integrity": "sha512-FChAOB44Q//ubTKQoiOgXBn5mlUE9RhDxh44svwELQ6cAh49bO2cR0tT9PXiVIW2wyzyyJLXgbDNlSD/Ogn1sQ==",
      "license": "Apache-2.0",
      "peerDependencies": {
        "@babylonjs/core": "^9.0.0"
      }
    }
  }
}
